{
  "name": "Homepage",
  "version": "1.0.0",
  "lockfileVersion": 1,
  "requires": true,
  "dependencies": {
    "@koa/cors": {
      "version": "2.2.3",
      "resolved": "http://192.168.10.14:4873/@koa%2fcors/-/cors-2.2.3.tgz",
      "integrity": "sha1-wyqZB6y+4ecv7fsLmshA0ub5vlc=",
      "requires": {
        "vary": "1.1.2"
      }
    },
    "@types/accepts": {
      "version": "1.3.5",
      "resolved": "http://192.168.10.14:4873/@types%2faccepts/-/accepts-1.3.5.tgz",
      "integrity": "sha1-w0vsEVz8dG4E/loFnfTOfns5FXU=",
      "dev": true,
      "requires": {
        "@types/node": "10.12.6"
      }
    },
    "@types/bluebird": {
      "version": "3.5.24",
      "resolved": "http://192.168.10.14:4873/@types%2fbluebird/-/bluebird-3.5.24.tgz",
      "integrity": "sha1-EfdoElMcFPeTuOy/HelvZykF3oo=",
      "dev": true
    },
    "@types/body-parser": {
      "version": "1.17.0",
      "resolved": "http://192.168.10.14:4873/@types%2fbody-parser/-/body-parser-1.17.0.tgz",
      "integrity": "sha1-n1ydm9BLtUvjLV65/A2Ml05s9Yw=",
      "dev": true,
      "requires": {
        "@types/connect": "3.4.32",
        "@types/node": "10.12.6"
      }
    },
    "@types/caseless": {
      "version": "0.12.1",
      "resolved": "http://192.168.10.14:4873/@types%2fcaseless/-/caseless-0.12.1.tgz",
      "integrity": "sha1-l5TGnIOF0BkqzEcaVA0fjg0WIYo=",
      "dev": true
    },
    "@types/connect": {
      "version": "3.4.32",
      "resolved": "http://192.168.10.14:4873/@types%2fconnect/-/connect-3.4.32.tgz",
      "integrity": "sha1-qg6WFrlDXMrQK8UrW0VP/Cxwuig=",
      "dev": true,
      "requires": {
        "@types/node": "10.12.6"
      }
    },
    "@types/continuation-local-storage": {
      "version": "3.2.1",
      "resolved": "http://192.168.10.14:4873/@types%2fcontinuation-local-storage/-/continuation-local-storage-3.2.1.tgz",
      "integrity": "sha1-oz4N+dzptCTRyY/E/evYV43O7H4=",
      "dev": true,
      "requires": {
        "@types/node": "10.12.6"
      }
    },
    "@types/cookies": {
      "version": "0.7.1",
      "resolved": "http://192.168.10.14:4873/@types%2fcookies/-/cookies-0.7.1.tgz",
      "integrity": "sha1-+fIEvWdn04nuo7h2CeMMCQx3pUA=",
      "dev": true,
      "requires": {
        "@types/connect": "3.4.32",
        "@types/express": "4.16.0",
        "@types/keygrip": "1.0.1",
        "@types/node": "10.12.6"
      }
    },
    "@types/events": {
      "version": "1.2.0",
      "resolved": "http://192.168.10.14:4873/@types%2fevents/-/events-1.2.0.tgz",
      "integrity": "sha1-gaZzHOTfQ2GeXIyUU4Oz5iqJ6oY=",
      "dev": true
    },
    "@types/express": {
      "version": "4.16.0",
      "resolved": "http://192.168.10.14:4873/@types%2fexpress/-/express-4.16.0.tgz",
      "integrity": "sha1-bYvELMqm81zymit8MzPLR7WjKhk=",
      "dev": true,
      "requires": {
        "@types/body-parser": "1.17.0",
        "@types/express-serve-static-core": "4.16.0",
        "@types/serve-static": "1.13.2"
      }
    },
    "@types/express-serve-static-core": {
      "version": "4.16.0",
      "resolved": "http://192.168.10.14:4873/@types%2fexpress-serve-static-core/-/express-serve-static-core-4.16.0.tgz",
      "integrity": "sha1-/f53dZTdwf6OuOzM5S4mG0luQ+c=",
      "dev": true,
      "requires": {
        "@types/events": "1.2.0",
        "@types/node": "10.12.6",
        "@types/range-parser": "1.2.2"
      }
    },
    "@types/form-data": {
      "version": "2.2.1",
      "resolved": "http://192.168.10.14:4873/@types%2fform-data/-/form-data-2.2.1.tgz",
      "integrity": "sha1-7is7jqoRwJOCiZU2BrdFtzjFSx4=",
      "dev": true,
      "requires": {
        "@types/node": "10.12.6"
      }
    },
    "@types/geojson": {
      "version": "1.0.6",
      "resolved": "http://192.168.10.14:4873/@types%2fgeojson/-/geojson-1.0.6.tgz",
      "integrity": "sha1-PgKXJyjGkkjCrwjWCkjLuGgP/98="
    },
    "@types/http-assert": {
      "version": "1.3.0",
      "resolved": "http://192.168.10.14:4873/@types%2fhttp-assert/-/http-assert-1.3.0.tgz",
      "integrity": "sha1-XpMmBhU9oo4dBPkEP0kSz2H9Vd0=",
      "dev": true
    },
    "@types/keygrip": {
      "version": "1.0.1",
      "resolved": "http://192.168.10.14:4873/@types%2fkeygrip/-/keygrip-1.0.1.tgz",
      "integrity": "sha1-/1QEYtL7TQqIRBzq8n0oewHD2Hg=",
      "dev": true
    },
    "@types/koa": {
      "version": "2.0.47",
      "resolved": "http://192.168.10.14:4873/@types%2fkoa/-/koa-2.0.47.tgz",
      "integrity": "sha1-rHhUOEpMxJwWWTyGrNmeY2pIFCo=",
      "dev": true,
      "requires": {
        "@types/accepts": "1.3.5",
        "@types/cookies": "0.7.1",
        "@types/http-assert": "1.3.0",
        "@types/keygrip": "1.0.1",
        "@types/koa-compose": "3.2.2",
        "@types/node": "10.12.6"
      }
    },
    "@types/koa-bodyparser": {
      "version": "5.0.2",
      "resolved": "http://192.168.10.14:4873/@types%2fkoa-bodyparser/-/koa-bodyparser-5.0.2.tgz",
      "integrity": "sha1-u5I2qPgldsL5vnvteRS8+VYy+hg=",
      "dev": true,
      "requires": {
        "@types/koa": "2.0.47"
      }
    },
    "@types/koa-compose": {
      "version": "3.2.2",
      "resolved": "http://192.168.10.14:4873/@types%2fkoa-compose/-/koa-compose-3.2.2.tgz",
      "integrity": "sha1-3BBuAAu/kqOskA91bfRzRIh+6Ec=",
      "dev": true
    },
    "@types/koa-cors": {
      "version": "0.0.0",
      "resolved": "http://192.168.10.14:4873/@types%2fkoa-cors/-/koa-cors-0.0.0.tgz",
      "integrity": "sha1-eg70Ws/tHvbARtWJbjl0Jh2KnTc=",
      "dev": true,
      "requires": {
        "@types/koa": "2.0.47"
      }
    },
    "@types/koa-json": {
      "version": "2.0.18",
      "resolved": "http://192.168.10.14:4873/@types%2fkoa-json/-/koa-json-2.0.18.tgz",
      "integrity": "sha1-G+glK95HindNpC4M1wrsg8qUqAo=",
      "dev": true,
      "requires": {
        "@types/koa": "2.0.47"
      }
    },
    "@types/koa-router": {
      "version": "7.0.35",
      "resolved": "http://192.168.10.14:4873/@types%2fkoa-router/-/koa-router-7.0.35.tgz",
      "integrity": "sha1-B0QqyV5l7BsEKvT3Kr6kTclrkJ8=",
      "dev": true,
      "requires": {
        "@types/koa": "2.0.47"
      }
    },
    "@types/koa-send": {
      "version": "4.1.1",
      "resolved": "http://192.168.10.14:4873/@types%2fkoa-send/-/koa-send-4.1.1.tgz",
      "integrity": "sha1-iPV8vgNDyCBJA/kJbY/2uY7DKW8=",
      "dev": true,
      "requires": {
        "@types/koa": "2.0.47"
      }
    },
    "@types/koa-static": {
      "version": "4.0.0",
      "resolved": "http://192.168.10.14:4873/@types%2fkoa-static/-/koa-static-4.0.0.tgz",
      "integrity": "sha1-TN3Oat9FIhus+yhCs2IdyS9NZCw=",
      "dev": true,
      "requires": {
        "@types/koa": "2.0.47",
        "@types/koa-send": "4.1.1"
      }
    },
    "@types/lodash": {
      "version": "4.14.118",
      "resolved": "http://192.168.10.14:4873/@types%2flodash/-/lodash-4.14.118.tgz",
      "integrity": "sha1-JHurOb/MbZENSSfG4Gy8cOw3byc=",
      "dev": true
    },
    "@types/mime": {
      "version": "2.0.0",
      "resolved": "http://192.168.10.14:4873/@types%2fmime/-/mime-2.0.0.tgz",
      "integrity": "sha1-WnMG42fFObn2VDSZ3o3VGfrDeos=",
      "dev": true
    },
    "@types/node": {
      "version": "10.12.6",
      "resolved": "http://192.168.10.14:4873/@types%2fnode/-/node-10.12.6.tgz",
      "integrity": "sha1-f8ITwbgRyQ/Jo+22IGdCuV1pdng="
    },
    "@types/range-parser": {
      "version": "1.2.2",
      "resolved": "http://192.168.10.14:4873/@types%2frange-parser/-/range-parser-1.2.2.tgz",
      "integrity": "sha1-+o4a0dR0aIp1cUDJHebazm9KvI0=",
      "dev": true
    },
    "@types/request": {
      "version": "2.48.1",
      "resolved": "http://192.168.10.14:4873/@types%2frequest/-/request-2.48.1.tgz",
      "integrity": "sha1-5ALWkapmcPu/8ZV7FfEnAjCrQvo=",
      "dev": true,
      "requires": {
        "@types/caseless": "0.12.1",
        "@types/form-data": "2.2.1",
        "@types/node": "10.12.6",
        "@types/tough-cookie": "2.3.4"
      }
    },
    "@types/sequelize": {
      "version": "4.27.31",
      "resolved": "http://192.168.10.14:4873/@types%2fsequelize/-/sequelize-4.27.31.tgz",
      "integrity": "sha1-Y2VFXrEm/L0xEDc6wQ3IPTKFnpY=",
      "dev": true,
      "requires": {
        "@types/bluebird": "3.5.24",
        "@types/continuation-local-storage": "3.2.1",
        "@types/lodash": "4.14.118",
        "@types/validator": "9.4.3"
      }
    },
    "@types/serve-static": {
      "version": "1.13.2",
      "resolved": "http://192.168.10.14:4873/@types%2fserve-static/-/serve-static-1.13.2.tgz",
      "integrity": "sha1-9axNemQgqZpqRa9HGfTc2M2Qekg=",
      "dev": true,
      "requires": {
        "@types/express-serve-static-core": "4.16.0",
        "@types/mime": "2.0.0"
      }
    },
    "@types/tough-cookie": {
      "version": "2.3.4",
      "resolved": "http://192.168.10.14:4873/@types%2ftough-cookie/-/tough-cookie-2.3.4.tgz",
      "integrity": "sha1-ghh4uBv6uXG5OiZaVh1U6mH5BZ8=",
      "dev": true
    },
    "@types/uuid": {
      "version": "3.4.4",
      "resolved": "http://192.168.10.14:4873/@types%2fuuid/-/uuid-3.4.4.tgz",
      "integrity": "sha1-evaTYPpl7w3stB/RUL9MpcDO/fU=",
      "dev": true,
      "requires": {
        "@types/node": "10.12.6"
      }
    },
    "@types/validator": {
      "version": "9.4.3",
      "resolved": "http://192.168.10.14:4873/@types%2fvalidator/-/validator-9.4.3.tgz",
      "integrity": "sha1-ETIergVGsg8TAgEx/4kMKU33Lss=",
      "dev": true
    },
    "accepts": {
      "version": "1.3.5",
      "resolved": "http://192.168.10.14:4873/accepts/-/accepts-1.3.5.tgz",
      "integrity": "sha1-63d99gEXI6OxTopywIBcjoZ0a9I=",
      "requires": {
        "mime-types": "2.1.21",
        "negotiator": "0.6.1"
      }
    },
    "ajv": {
      "version": "6.5.5",
      "resolved": "http://192.168.10.14:4873/ajv/-/ajv-6.5.5.tgz",
      "integrity": "sha1-z5fNreccY5mpLG1sQXc4EpG3gaE=",
      "requires": {
        "fast-deep-equal": "2.0.1",
        "fast-json-stable-stringify": "2.0.0",
        "json-schema-traverse": "0.4.1",
        "uri-js": "4.2.2"
      }
    },
    "any-promise": {
      "version": "1.3.0",
      "resolved": "http://192.168.10.14:4873/any-promise/-/any-promise-1.3.0.tgz",
      "integrity": "sha1-q8av7tzqUugJzcA3au0845Y10X8="
    },
    "asn1": {
      "version": "0.2.4",
      "resolved": "http://192.168.10.14:4873/asn1/-/asn1-0.2.4.tgz",
      "integrity": "sha1-jSR136tVO7M+d7VOWeiAu4ziMTY=",
      "requires": {
        "safer-buffer": "2.1.2"
      }
    },
    "assert-plus": {
      "version": "1.0.0",
      "resolved": "http://192.168.10.14:4873/assert-plus/-/assert-plus-1.0.0.tgz",
      "integrity": "sha1-8S4PPF13sLHN2RRpQuTpbB5N1SU="
    },
    "asynckit": {
      "version": "0.4.0",
      "resolved": "http://192.168.10.14:4873/asynckit/-/asynckit-0.4.0.tgz",
      "integrity": "sha1-x57Zf380y48robyXkLzDZkdLS3k="
    },
    "aws-sign2": {
      "version": "0.7.0",
      "resolved": "http://192.168.10.14:4873/aws-sign2/-/aws-sign2-0.7.0.tgz",
      "integrity": "sha1-tG6JCTSpWR8tL2+G1+ap8bP+dqg="
    },
    "aws4": {
      "version": "1.8.0",
      "resolved": "http://192.168.10.14:4873/aws4/-/aws4-1.8.0.tgz",
      "integrity": "sha1-8OAD2cqef1nHpQiUXXsu+aBKVC8="
    },
    "bcrypt-pbkdf": {
      "version": "1.0.2",
      "resolved": "http://192.168.10.14:4873/bcrypt-pbkdf/-/bcrypt-pbkdf-1.0.2.tgz",
      "integrity": "sha1-pDAdOJtqQ/m2f/PKEaP2Y342Dp4=",
      "requires": {
        "tweetnacl": "0.14.5"
      }
    },
    "bluebird": {
      "version": "3.5.3",
      "resolved": "http://192.168.10.14:4873/bluebird/-/bluebird-3.5.3.tgz",
      "integrity": "sha1-fQHG+WFsmlGrD4xUmnnf5uwz76c="
    },
    "bytes": {
      "version": "3.0.0",
      "resolved": "http://192.168.10.14:4873/bytes/-/bytes-3.0.0.tgz",
      "integrity": "sha1-0ygVQE1olpn4Wk6k+odV3ROpYEg="
    },
    "cache-content-type": {
      "version": "1.0.1",
      "resolved": "http://192.168.10.14:4873/cache-content-type/-/cache-content-type-1.0.1.tgz",
      "integrity": "sha1-A1zeKwjuISn0qDFeqPAKANuhRTw=",
      "requires": {
        "mime-types": "2.1.21",
        "ylru": "1.2.1"
      }
    },
    "caseless": {
      "version": "0.12.0",
      "resolved": "http://192.168.10.14:4873/caseless/-/caseless-0.12.0.tgz",
      "integrity": "sha1-G2gcIf+EAzyCZUMJBolCDRhxUdw="
    },
    "cls-bluebird": {
      "version": "2.1.0",
      "resolved": "http://192.168.10.14:4873/cls-bluebird/-/cls-bluebird-2.1.0.tgz",
      "integrity": "sha1-N+8eCAqP+1XC9BZPU28ZGeeWiu4=",
      "requires": {
        "is-bluebird": "1.0.2",
        "shimmer": "1.2.0"
      }
    },
    "co": {
      "version": "4.6.0",
      "resolved": "http://192.168.10.14:4873/co/-/co-4.6.0.tgz",
      "integrity": "sha1-bqa989hTrlTMuOR7+gvz+QMfsYQ="
    },
    "co-body": {
      "version": "6.0.0",
      "resolved": "http://192.168.10.14:4873/co-body/-/co-body-6.0.0.tgz",
      "integrity": "sha1-lluTN9f1ZVSAeHRx9CN2ZIIIJ+M=",
      "requires": {
        "inflation": "2.0.0",
        "qs": "6.5.2",
        "raw-body": "2.3.3",
        "type-is": "1.6.16"
      }
    },
    "combined-stream": {
      "version": "1.0.7",
      "resolved": "http://192.168.10.14:4873/combined-stream/-/combined-stream-1.0.7.tgz",
      "integrity": "sha1-LR0kMXr7ir6V1tLAsHtXgTU52Cg=",
      "requires": {
        "delayed-stream": "1.0.0"
      }
    },
    "commander": {
      "version": "2.19.0",
      "resolved": "http://192.168.10.14:4873/commander/-/commander-2.19.0.tgz",
      "integrity": "sha1-9hmKqE5bg8RgVLlN3tv+1e6f8So="
    },
    "content-disposition": {
      "version": "0.5.2",
      "resolved": "http://192.168.10.14:4873/content-disposition/-/content-disposition-0.5.2.tgz",
      "integrity": "sha1-DPaLud318r55YcOoUXjLhdunjLQ="
    },
    "content-type": {
      "version": "1.0.4",
      "resolved": "http://192.168.10.14:4873/content-type/-/content-type-1.0.4.tgz",
      "integrity": "sha1-4TjMdeBAxyexlm/l5fjJruJW/js="
    },
    "cookies": {
      "version": "0.7.3",
      "resolved": "http://192.168.10.14:4873/cookies/-/cookies-0.7.3.tgz",
      "integrity": "sha1-eRLOIfvy6MLacM8cPzUa7PWdrfo=",
      "requires": {
        "depd": "1.1.2",
        "keygrip": "1.0.3"
      }
    },
    "copy-to": {
      "version": "2.0.1",
      "resolved": "http://192.168.10.14:4873/copy-to/-/copy-to-2.0.1.tgz",
      "integrity": "sha1-JoD7uAaKSNCGVrYJgJK9r8kG9KU="
    },
    "core-util-is": {
      "version": "1.0.2",
      "resolved": "http://192.168.10.14:4873/core-util-is/-/core-util-is-1.0.2.tgz",
      "integrity": "sha1-tf1UIgqivFq1eqtxQMlAdUUDwac="
    },
    "cssfilter": {
      "version": "0.0.10",
      "resolved": "http://192.168.10.14:4873/cssfilter/-/cssfilter-0.0.10.tgz",
      "integrity": "sha1-xtJnJjKi5cg+AT5oZKQs6N79IK4="
    },
    "dashdash": {
      "version": "1.14.1",
      "resolved": "http://192.168.10.14:4873/dashdash/-/dashdash-1.14.1.tgz",
      "integrity": "sha1-hTz6D3y+L+1d4gMmuN1YEDX24vA=",
      "requires": {
        "assert-plus": "1.0.0"
      }
    },
    "dayjs": {
      "version": "1.7.7",
      "resolved": "http://192.168.10.14:4873/dayjs/-/dayjs-1.7.7.tgz",
      "integrity": "sha1-jfIPeKwkduP1NI70n48i68MBY3A="
    },
    "debug": {
      "version": "3.1.0",
      "resolved": "http://192.168.10.14:4873/debug/-/debug-3.1.0.tgz",
      "integrity": "sha1-W7WgZyYotkFJVmuhaBnmFRjGcmE=",
      "requires": {
        "ms": "2.0.0"
      }
    },
    "deep-equal": {
      "version": "1.0.1",
      "resolved": "http://192.168.10.14:4873/deep-equal/-/deep-equal-1.0.1.tgz",
      "integrity": "sha1-9dJgKStmDghO/0zbyfCK0yR0SLU="
    },
    "delayed-stream": {
      "version": "1.0.0",
      "resolved": "http://192.168.10.14:4873/delayed-stream/-/delayed-stream-1.0.0.tgz",
      "integrity": "sha1-3zrhmayt+31ECqrgsp4icrJOxhk="
    },
    "delegates": {
      "version": "1.0.0",
      "resolved": "http://192.168.10.14:4873/delegates/-/delegates-1.0.0.tgz",
      "integrity": "sha1-hMbhWbgZBP3KWaDvRM2HDTElD5o="
    },
    "denque": {
      "version": "1.3.0",
      "resolved": "http://192.168.10.14:4873/denque/-/denque-1.3.0.tgz",
      "integrity": "sha1-aBCS70SmMCRtP27bKhmSMOro52s="
    },
    "depd": {
      "version": "1.1.2",
      "resolved": "http://192.168.10.14:4873/depd/-/depd-1.1.2.tgz",
      "integrity": "sha1-m81S4UwJd2PnSbJ0xDRu0uVgtak="
    },
    "destroy": {
      "version": "1.0.4",
      "resolved": "http://192.168.10.14:4873/destroy/-/destroy-1.0.4.tgz",
      "integrity": "sha1-l4hXRCxEdJ5CBmE+N5RiBYJqvYA="
    },
    "dottie": {
      "version": "2.0.1",
      "resolved": "http://192.168.10.14:4873/dottie/-/dottie-2.0.1.tgz",
      "integrity": "sha1-aXrZ1yAE23V00h+JJGajwoWJNlk="
    },
    "ecc-jsbn": {
      "version": "0.1.2",
      "resolved": "http://192.168.10.14:4873/ecc-jsbn/-/ecc-jsbn-0.1.2.tgz",
      "integrity": "sha1-OoOpBOVDUyh4dMVkt1SThoSamMk=",
      "requires": {
        "jsbn": "0.1.1",
        "safer-buffer": "2.1.2"
      }
    },
    "ee-first": {
      "version": "1.1.1",
      "resolved": "http://192.168.10.14:4873/ee-first/-/ee-first-1.1.1.tgz",
      "integrity": "sha1-WQxhFWsK4vTwJVcyoViyZrxWsh0="
    },
    "error-inject": {
      "version": "1.0.0",
      "resolved": "http://192.168.10.14:4873/error-inject/-/error-inject-1.0.0.tgz",
      "integrity": "sha1-4rPZG1Su1nLzCdlQ0VSFD6EdTzc="
    },
    "escape-html": {
      "version": "1.0.3",
      "resolved": "http://192.168.10.14:4873/escape-html/-/escape-html-1.0.3.tgz",
      "integrity": "sha1-Aljq5NPQwJdN4cFpGI7wBR0dGYg="
    },
    "extend": {
      "version": "3.0.2",
      "resolved": "http://192.168.10.14:4873/extend/-/extend-3.0.2.tgz",
      "integrity": "sha1-+LETa0Bx+9jrFAr/hYsQGewpFfo="
    },
    "extsprintf": {
      "version": "1.3.0",
      "resolved": "http://192.168.10.14:4873/extsprintf/-/extsprintf-1.3.0.tgz",
      "integrity": "sha1-lpGEQOMEGnpBT4xS48V06zw+HgU="
    },
    "fast-deep-equal": {
      "version": "2.0.1",
      "resolved": "http://192.168.10.14:4873/fast-deep-equal/-/fast-deep-equal-2.0.1.tgz",
      "integrity": "sha1-ewUhjd+WZ79/Nwv3/bLLFf3Qqkk="
    },
    "fast-json-stable-stringify": {
      "version": "2.0.0",
      "resolved": "http://192.168.10.14:4873/fast-json-stable-stringify/-/fast-json-stable-stringify-2.0.0.tgz",
      "integrity": "sha1-1RQsDK7msRifh9OnYREGT4bIu/I="
    },
    "forever-agent": {
      "version": "0.6.1",
      "resolved": "http://192.168.10.14:4873/forever-agent/-/forever-agent-0.6.1.tgz",
      "integrity": "sha1-+8cfDEGt6zf5bFd60e1C2P2sypE="
    },
    "form-data": {
      "version": "2.3.3",
      "resolved": "http://192.168.10.14:4873/form-data/-/form-data-2.3.3.tgz",
      "integrity": "sha1-3M5SwF9kTymManq5Nr1yTO/786Y=",
      "requires": {
        "asynckit": "0.4.0",
        "combined-stream": "1.0.7",
        "mime-types": "2.1.21"
      }
    },
    "fresh": {
      "version": "0.5.2",
      "resolved": "http://192.168.10.14:4873/fresh/-/fresh-0.5.2.tgz",
      "integrity": "sha1-PYyt2Q2XZWn6g1qx+OSyOhBWBac="
    },
    "generate-function": {
      "version": "2.3.1",
      "resolved": "http://192.168.10.14:4873/generate-function/-/generate-function-2.3.1.tgz",
      "integrity": "sha1-8GlhdpDBDIaOc7hGV0Z2T5fDR58=",
      "requires": {
        "is-property": "1.0.2"
      }
    },
    "generic-pool": {
      "version": "3.4.2",
      "resolved": "http://192.168.10.14:4873/generic-pool/-/generic-pool-3.4.2.tgz",
      "integrity": "sha1-kv9xllINZwg5pnMICSoSqt8valk="
    },
    "getpass": {
      "version": "0.1.7",
      "resolved": "http://192.168.10.14:4873/getpass/-/getpass-0.1.7.tgz",
      "integrity": "sha1-Xv+OPmhNVprkyysSgmBOi6YhSfo=",
      "requires": {
        "assert-plus": "1.0.0"
      }
    },
    "har-schema": {
      "version": "2.0.0",
      "resolved": "http://192.168.10.14:4873/har-schema/-/har-schema-2.0.0.tgz",
      "integrity": "sha1-qUwiJOvKwEeCoNkDVSHyRzW37JI="
    },
    "har-validator": {
      "version": "5.1.3",
      "resolved": "http://192.168.10.14:4873/har-validator/-/har-validator-5.1.3.tgz",
      "integrity": "sha1-HvievT5JllV2de7ZiTEQ3DUPoIA=",
      "requires": {
        "ajv": "6.5.5",
        "har-schema": "2.0.0"
      }
    },
    "http-assert": {
      "version": "1.4.0",
      "resolved": "http://192.168.10.14:4873/http-assert/-/http-assert-1.4.0.tgz",
      "integrity": "sha1-DlULT8pq3xIbvu2DJIwX5i9ZOpo=",
      "requires": {
        "deep-equal": "1.0.1",
        "http-errors": "1.7.1"
      }
    },
    "http-errors": {
      "version": "1.7.1",
      "resolved": "http://192.168.10.14:4873/http-errors/-/http-errors-1.7.1.tgz",
      "integrity": "sha1-ak/+XTUYjhw5+HJTRpBYWFLh8Cc=",
      "requires": {
        "depd": "1.1.2",
        "inherits": "2.0.3",
        "setprototypeof": "1.1.0",
        "statuses": "1.5.0",
        "toidentifier": "1.0.0"
      }
    },
    "http-signature": {
      "version": "1.2.0",
      "resolved": "http://192.168.10.14:4873/http-signature/-/http-signature-1.2.0.tgz",
      "integrity": "sha1-muzZJRFHcvPZW2WmCruPfBj7rOE=",
      "requires": {
        "assert-plus": "1.0.0",
        "jsprim": "1.4.1",
        "sshpk": "1.15.2"
      }
    },
    "iconv-lite": {
      "version": "0.4.23",
      "resolved": "http://192.168.10.14:4873/iconv-lite/-/iconv-lite-0.4.23.tgz",
      "integrity": "sha1-KXhx9jvlB63Pv8pxXQzQ7thOmmM=",
      "requires": {
        "safer-buffer": "2.1.2"
      }
    },
    "inflation": {
      "version": "2.0.0",
      "resolved": "http://192.168.10.14:4873/inflation/-/inflation-2.0.0.tgz",
      "integrity": "sha1-i0F+R8KPklpFEz2RTKH9OJEH8w8="
    },
    "inflection": {
      "version": "1.12.0",
      "resolved": "http://192.168.10.14:4873/inflection/-/inflection-1.12.0.tgz",
      "integrity": "sha1-ogCTVlbW9fa8TcdQLhrstwMihBY="
    },
    "inherits": {
      "version": "2.0.3",
      "resolved": "http://192.168.10.14:4873/inherits/-/inherits-2.0.3.tgz",
      "integrity": "sha1-Yzwsg+PaQqUC9SRmAiSA9CCCYd4="
    },
    "is-bluebird": {
      "version": "1.0.2",
      "resolved": "http://192.168.10.14:4873/is-bluebird/-/is-bluebird-1.0.2.tgz",
      "integrity": "sha1-CWQ5Bg9KpBGr7hkUOoTWpVNG1uI="
    },
    "is-generator-function": {
      "version": "1.0.7",
      "resolved": "http://192.168.10.14:4873/is-generator-function/-/is-generator-function-1.0.7.tgz",
      "integrity": "sha1-0hMuUpuwAAp/gHlNS99c1eWBNSI="
    },
    "is-property": {
      "version": "1.0.2",
      "resolved": "http://192.168.10.14:4873/is-property/-/is-property-1.0.2.tgz",
      "integrity": "sha1-V/4cTkhHTt1lsJkR8msc1Ald2oQ="
    },
    "is-typedarray": {
      "version": "1.0.0",
      "resolved": "http://192.168.10.14:4873/is-typedarray/-/is-typedarray-1.0.0.tgz",
      "integrity": "sha1-5HnICFjfDBsR3dppQPlgEfzaSpo="
    },
    "isarray": {
      "version": "0.0.1",
      "resolved": "http://192.168.10.14:4873/isarray/-/isarray-0.0.1.tgz",
      "integrity": "sha1-ihis/Kmo9Bd+Cav8YDiTmwXR7t8="
    },
    "isstream": {
      "version": "0.1.2",
      "resolved": "http://192.168.10.14:4873/isstream/-/isstream-0.1.2.tgz",
      "integrity": "sha1-R+Y/evVa+m+S4VAOaQ64uFKcCZo="
    },
    "jsbn": {
      "version": "0.1.1",
      "resolved": "http://192.168.10.14:4873/jsbn/-/jsbn-0.1.1.tgz",
      "integrity": "sha1-peZUwuWi3rXyAdls77yoDA7y9RM="
    },
    "json-schema": {
      "version": "0.2.3",
      "resolved": "http://192.168.10.14:4873/json-schema/-/json-schema-0.2.3.tgz",
      "integrity": "sha1-tIDIkuWaLwWVTOcnvT8qTogvnhM="
    },
    "json-schema-traverse": {
      "version": "0.4.1",
      "resolved": "http://192.168.10.14:4873/json-schema-traverse/-/json-schema-traverse-0.4.1.tgz",
      "integrity": "sha1-afaofZUTq4u4/mO9sJecRI5oRmA="
    },
    "json-stringify-safe": {
      "version": "5.0.1",
      "resolved": "http://192.168.10.14:4873/json-stringify-safe/-/json-stringify-safe-5.0.1.tgz",
      "integrity": "sha1-Epai1Y/UXxmg9s4B1lcB4sc1tus="
    },
    "jsprim": {
      "version": "1.4.1",
      "resolved": "http://192.168.10.14:4873/jsprim/-/jsprim-1.4.1.tgz",
      "integrity": "sha1-MT5mvB5cwG5Di8G3SZwuXFastqI=",
      "requires": {
        "assert-plus": "1.0.0",
        "extsprintf": "1.3.0",
        "json-schema": "0.2.3",
        "verror": "1.10.0"
      }
    },
    "keygrip": {
      "version": "1.0.3",
      "resolved": "http://192.168.10.14:4873/keygrip/-/keygrip-1.0.3.tgz",
      "integrity": "sha1-OZ1wnwrtK6sKBZ4M3TpQI6BT4dw="
    },
    "koa": {
      "version": "2.6.2",
      "resolved": "http://192.168.10.14:4873/koa/-/koa-2.6.2.tgz",
      "integrity": "sha1-V7pNBJsKmcrg1ZTmFE4pMZSafOE=",
      "requires": {
        "accepts": "1.3.5",
        "cache-content-type": "1.0.1",
        "content-disposition": "0.5.2",
        "content-type": "1.0.4",
        "cookies": "0.7.3",
        "debug": "3.1.0",
        "delegates": "1.0.0",
        "depd": "1.1.2",
        "destroy": "1.0.4",
        "error-inject": "1.0.0",
        "escape-html": "1.0.3",
        "fresh": "0.5.2",
        "http-assert": "1.4.0",
        "http-errors": "1.7.1",
        "is-generator-function": "1.0.7",
        "koa-compose": "4.1.0",
        "koa-convert": "1.2.0",
        "koa-is-json": "1.0.0",
        "on-finished": "2.3.0",
        "only": "0.0.2",
        "parseurl": "1.3.2",
        "statuses": "1.5.0",
        "type-is": "1.6.16",
        "vary": "1.1.2"
      }
    },
    "koa-bodyparser": {
      "version": "4.2.1",
      "resolved": "http://192.168.10.14:4873/koa-bodyparser/-/koa-bodyparser-4.2.1.tgz",
      "integrity": "sha1-TX2stebbEQZkm1ldnlzLFYtvOyk=",
      "requires": {
        "co-body": "6.0.0",
        "copy-to": "2.0.1"
      }
    },
    "koa-compose": {
      "version": "4.1.0",
      "resolved": "http://192.168.10.14:4873/koa-compose/-/koa-compose-4.1.0.tgz",
      "integrity": "sha1-UHMGuTcZAdtBEhyBLpI9DWfT6Hc="
    },
    "koa-convert": {
      "version": "1.2.0",
      "resolved": "http://192.168.10.14:4873/koa-convert/-/koa-convert-1.2.0.tgz",
      "integrity": "sha1-2kCHXfSd4FOQmNFwC1CCDOvNIdA=",
      "requires": {
        "co": "4.6.0",
        "koa-compose": "3.2.1"
      },
      "dependencies": {
        "koa-compose": {
          "version": "3.2.1",
          "resolved": "http://192.168.10.14:4873/koa-compose/-/koa-compose-3.2.1.tgz",
          "integrity": "sha1-qFzLQLfZhtjlo0Wzoazo6rz1Tec=",
          "requires": {
            "any-promise": "1.3.0"
          }
        }
      }
    },
    "koa-cors": {
      "version": "0.0.16",
      "resolved": "http://192.168.10.14:4873/koa-cors/-/koa-cors-0.0.16.tgz",
      "integrity": "sha1-mBB5k6eQnjTAQphsXsYVbXfzQy4="
    },
    "koa-is-json": {
      "version": "1.0.0",
      "resolved": "http://192.168.10.14:4873/koa-is-json/-/koa-is-json-1.0.0.tgz",
      "integrity": "sha1-JzwH7c3Ljfaiwat9We52SRRR7BQ="
    },
    "koa-json": {
      "version": "2.0.2",
      "resolved": "http://192.168.10.14:4873/koa-json/-/koa-json-2.0.2.tgz",
      "integrity": "sha1-Nq8U5uofXWRtfESihXAcb4Wk/eQ=",
      "requires": {
        "koa-is-json": "1.0.0",
        "streaming-json-stringify": "3.1.0"
      }
    },
    "koa-router": {
      "version": "7.4.0",
      "resolved": "http://192.168.10.14:4873/koa-router/-/koa-router-7.4.0.tgz",
      "integrity": "sha1-ruH3rcAtXLMdfWdGXJ6syCXoxeA=",
      "requires": {
        "debug": "3.1.0",
        "http-errors": "1.7.1",
        "koa-compose": "3.2.1",
        "methods": "1.1.2",
        "path-to-regexp": "1.7.0",
        "urijs": "1.19.1"
      },
      "dependencies": {
        "koa-compose": {
          "version": "3.2.1",
          "resolved": "http://192.168.10.14:4873/koa-compose/-/koa-compose-3.2.1.tgz",
          "integrity": "sha1-qFzLQLfZhtjlo0Wzoazo6rz1Tec=",
          "requires": {
            "any-promise": "1.3.0"
          }
        }
      }
    },
    "koa-send": {
      "version": "5.0.0",
      "resolved": "http://192.168.10.14:4873/koa-send/-/koa-send-5.0.0.tgz",
      "integrity": "sha1-XoRB4H71VzdzTXztJbhC5QZG5+s=",
      "requires": {
        "debug": "3.1.0",
        "http-errors": "1.7.1",
        "mz": "2.7.0",
        "resolve-path": "1.4.0"
      }
    },
    "koa-static": {
      "version": "5.0.0",
      "resolved": "http://192.168.10.14:4873/koa-static/-/koa-static-5.0.0.tgz",
      "integrity": "sha1-XpL8lrU3rVIZ9CUxnJW2R3J3aUM=",
      "requires": {
        "debug": "3.1.0",
        "koa-send": "5.0.0"
      }
    },
    "lodash": {
      "version": "4.17.11",
      "resolved": "http://192.168.10.14:4873/lodash/-/lodash-4.17.11.tgz",
      "integrity": "sha1-s56mIp72B+zYniyN8SU2iRysm40="
    },
    "long": {
      "version": "4.0.0",
      "resolved": "http://192.168.10.14:4873/long/-/long-4.0.0.tgz",
      "integrity": "sha1-mntxz7fTYaGU6lVSQckvdGjVvyg="
    },
    "lru-cache": {
      "version": "4.1.3",
      "resolved": "http://192.168.10.14:4873/lru-cache/-/lru-cache-4.1.3.tgz",
      "integrity": "sha1-oRdc80lt/IQ2wVbDNLSVWZK85pw=",
      "requires": {
        "pseudomap": "1.0.2",
        "yallist": "2.1.2"
      }
    },
    "media-typer": {
      "version": "0.3.0",
      "resolved": "http://192.168.10.14:4873/media-typer/-/media-typer-0.3.0.tgz",
      "integrity": "sha1-hxDXrwqmJvj/+hzgAWhUUmMlV0g="
    },
    "methods": {
      "version": "1.1.2",
      "resolved": "http://192.168.10.14:4873/methods/-/methods-1.1.2.tgz",
      "integrity": "sha1-VSmk1nZUE07cxSZmVoNbD4Ua/O4="
    },
    "mime-db": {
      "version": "1.37.0",
      "resolved": "http://192.168.10.14:4873/mime-db/-/mime-db-1.37.0.tgz",
      "integrity": "sha1-C2oM5v2+lXbiXx8tL96IMNwK0Ng="
    },
    "mime-types": {
      "version": "2.1.21",
      "resolved": "http://192.168.10.14:4873/mime-types/-/mime-types-2.1.21.tgz",
      "integrity": "sha1-KJlaoey3cHQv5q5+WPkYHHRLP5Y=",
      "requires": {
        "mime-db": "1.37.0"
      }
    },
    "moment": {
      "version": "2.22.2",
      "resolved": "http://192.168.10.14:4873/moment/-/moment-2.22.2.tgz",
      "integrity": "sha1-PCV/mDn8DpP/UxSWMiOeuQeD/2Y="
    },
    "moment-timezone": {
      "version": "0.5.23",
      "resolved": "http://192.168.10.14:4873/moment-timezone/-/moment-timezone-0.5.23.tgz",
      "integrity": "sha1-fLsA2ywUxxsZMDy0ew+wpthlFGM=",
      "requires": {
        "moment": "2.22.2"
      }
    },
    "ms": {
      "version": "2.0.0",
      "resolved": "http://192.168.10.14:4873/ms/-/ms-2.0.0.tgz",
      "integrity": "sha1-VgiurfwAvmwpAd9fmGF4jeDVl8g="
    },
    "mysql2": {
      "version": "1.6.4",
      "resolved": "http://192.168.10.14:4873/mysql2/-/mysql2-1.6.4.tgz",
      "integrity": "sha1-XH26i3hSW9TwHJmz8zJ2cN9nXpY=",
      "requires": {
        "denque": "1.3.0",
        "generate-function": "2.3.1",
        "iconv-lite": "0.4.24",
        "long": "4.0.0",
        "lru-cache": "4.1.3",
        "named-placeholders": "1.1.1",
        "seq-queue": "0.0.5",
        "sqlstring": "2.3.1"
      },
      "dependencies": {
        "iconv-lite": {
          "version": "0.4.24",
          "resolved": "http://192.168.10.14:4873/iconv-lite/-/iconv-lite-0.4.24.tgz",
          "integrity": "sha1-ICK0sl+93CHS9SSXSkdKr+czkIs=",
          "requires": {
            "safer-buffer": "2.1.2"
          }
        }
      }
    },
    "mz": {
      "version": "2.7.0",
      "resolved": "http://192.168.10.14:4873/mz/-/mz-2.7.0.tgz",
      "integrity": "sha1-lQCAV6Vsr63CvGPd5/n/aVWUjjI=",
      "requires": {
        "any-promise": "1.3.0",
        "object-assign": "4.1.1",
        "thenify-all": "1.6.0"
      }
    },
    "named-placeholders": {
      "version": "1.1.1",
      "resolved": "http://192.168.10.14:4873/named-placeholders/-/named-placeholders-1.1.1.tgz",
      "integrity": "sha1-O3oNJiA910s6nfTJz7gnsvuQfmQ=",
      "requires": {
        "lru-cache": "2.5.0"
      },
      "dependencies": {
        "lru-cache": {
          "version": "2.5.0",
          "resolved": "http://192.168.10.14:4873/lru-cache/-/lru-cache-2.5.0.tgz",
          "integrity": "sha1-2COIrpyWC+y+oMc7uet5tsbOmus="
        }
      }
    },
    "negotiator": {
      "version": "0.6.1",
      "resolved": "http://192.168.10.14:4873/negotiator/-/negotiator-0.6.1.tgz",
      "integrity": "sha1-KzJxhOiZIQEXeyhWP7XnECrNDKk="
    },
    "oauth-sign": {
      "version": "0.9.0",
      "resolved": "http://192.168.10.14:4873/oauth-sign/-/oauth-sign-0.9.0.tgz",
      "integrity": "sha1-R6ewFrqmi1+g7PPe4IqFxnmsZFU="
    },
    "object-assign": {
      "version": "4.1.1",
      "resolved": "http://192.168.10.14:4873/object-assign/-/object-assign-4.1.1.tgz",
      "integrity": "sha1-IQmtx5ZYh8/AXLvUQsrIv7s2CGM="
    },
    "on-finished": {
      "version": "2.3.0",
      "resolved": "http://192.168.10.14:4873/on-finished/-/on-finished-2.3.0.tgz",
      "integrity": "sha1-IPEzZIGwg811M3mSoWlxqi2QaUc=",
      "requires": {
        "ee-first": "1.1.1"
      }
    },
    "only": {
      "version": "0.0.2",
      "resolved": "http://192.168.10.14:4873/only/-/only-0.0.2.tgz",
      "integrity": "sha1-Kv3oTQPlC5qO3EROMGEKcCle37Q="
    },
    "parseurl": {
      "version": "1.3.2",
      "resolved": "http://192.168.10.14:4873/parseurl/-/parseurl-1.3.2.tgz",
      "integrity": "sha1-/CidTtiZMRlGDBViUyYs3I3mW/M="
    },
    "path-is-absolute": {
      "version": "1.0.1",
      "resolved": "http://192.168.10.14:4873/path-is-absolute/-/path-is-absolute-1.0.1.tgz",
      "integrity": "sha1-F0uSaHNVNP+8es5r9TpanhtcX18="
    },
    "path-to-regexp": {
      "version": "1.7.0",
      "resolved": "http://192.168.10.14:4873/path-to-regexp/-/path-to-regexp-1.7.0.tgz",
      "integrity": "sha1-Wf3g9DW62suhA6hOnTvGTpa5k30=",
      "requires": {
        "isarray": "0.0.1"
      }
    },
    "performance-now": {
      "version": "2.1.0",
      "resolved": "http://192.168.10.14:4873/performance-now/-/performance-now-2.1.0.tgz",
      "integrity": "sha1-Ywn04OX6kT7BxpMHrjZLSzd8nns="
    },
    "process-nextick-args": {
      "version": "2.0.0",
      "resolved": "http://192.168.10.14:4873/process-nextick-args/-/process-nextick-args-2.0.0.tgz",
      "integrity": "sha1-o31zL0JxtKsa0HDTVQjoKQeI/6o="
    },
    "pseudomap": {
      "version": "1.0.2",
      "resolved": "http://192.168.10.14:4873/pseudomap/-/pseudomap-1.0.2.tgz",
      "integrity": "sha1-8FKijacOYYkX7wqKw0wa5aaChrM="
    },
    "psl": {
      "version": "1.1.29",
      "resolved": "http://192.168.10.14:4873/psl/-/psl-1.1.29.tgz",
      "integrity": "sha1-YPWA02AXC7cip5fMcEQR5tqFDGc="
    },
    "punycode": {
      "version": "2.1.1",
      "resolved": "http://192.168.10.14:4873/punycode/-/punycode-2.1.1.tgz",
      "integrity": "sha1-tYsBCsQMIsVldhbI0sLALHv0eew="
    },
    "qs": {
      "version": "6.5.2",
      "resolved": "http://192.168.10.14:4873/qs/-/qs-6.5.2.tgz",
      "integrity": "sha1-yzroBuh0BERYTvFUzo7pjUA/PjY="
    },
    "raw-body": {
      "version": "2.3.3",
      "resolved": "http://192.168.10.14:4873/raw-body/-/raw-body-2.3.3.tgz",
      "integrity": "sha1-GzJOzmtXBuFThVvBFIxlu39uoMM=",
      "requires": {
        "bytes": "3.0.0",
        "http-errors": "1.6.3",
        "iconv-lite": "0.4.23",
        "unpipe": "1.0.0"
      },
      "dependencies": {
        "http-errors": {
          "version": "1.6.3",
          "resolved": "http://192.168.10.14:4873/http-errors/-/http-errors-1.6.3.tgz",
          "integrity": "sha1-i1VoC7S+KDoLW/TqLjhYC+HZMg0=",
          "requires": {
            "depd": "1.1.2",
            "inherits": "2.0.3",
            "setprototypeof": "1.1.0",
            "statuses": "1.5.0"
          }
        }
      }
    },
    "readable-stream": {
      "version": "2.3.6",
      "resolved": "http://192.168.10.14:4873/readable-stream/-/readable-stream-2.3.6.tgz",
      "integrity": "sha1-sRwn2IuP8fvgcGQ8+UsMea4bCq8=",
      "requires": {
        "core-util-is": "1.0.2",
        "inherits": "2.0.3",
        "isarray": "1.0.0",
        "process-nextick-args": "2.0.0",
        "safe-buffer": "5.1.2",
        "string_decoder": "1.1.1",
        "util-deprecate": "1.0.2"
      },
      "dependencies": {
        "isarray": {
          "version": "1.0.0",
          "resolved": "http://192.168.10.14:4873/isarray/-/isarray-1.0.0.tgz",
          "integrity": "sha1-u5NdSFgsuhaMBoNJV6VKPgcSTxE="
        }
      }
    },
    "request": {
      "version": "2.88.0",
      "resolved": "http://192.168.10.14:4873/request/-/request-2.88.0.tgz",
      "integrity": "sha1-nC/KT301tZLv5Xx/ClXoEFIST+8=",
      "requires": {
        "aws-sign2": "0.7.0",
        "aws4": "1.8.0",
        "caseless": "0.12.0",
        "combined-stream": "1.0.7",
        "extend": "3.0.2",
        "forever-agent": "0.6.1",
        "form-data": "2.3.3",
        "har-validator": "5.1.3",
        "http-signature": "1.2.0",
        "is-typedarray": "1.0.0",
        "isstream": "0.1.2",
        "json-stringify-safe": "5.0.1",
        "mime-types": "2.1.21",
        "oauth-sign": "0.9.0",
        "performance-now": "2.1.0",
        "qs": "6.5.2",
        "safe-buffer": "5.1.2",
        "tough-cookie": "2.4.3",
        "tunnel-agent": "0.6.0",
        "uuid": "3.3.2"
      }
    },
    "resolve-path": {
      "version": "1.4.0",
      "resolved": "http://192.168.10.14:4873/resolve-path/-/resolve-path-1.4.0.tgz",
      "integrity": "sha1-xL2p9e+y/OZSR4c6s2u02DT+Fvc=",
      "requires": {
        "http-errors": "1.6.3",
        "path-is-absolute": "1.0.1"
      },
      "dependencies": {
        "http-errors": {
          "version": "1.6.3",
          "resolved": "http://192.168.10.14:4873/http-errors/-/http-errors-1.6.3.tgz",
          "integrity": "sha1-i1VoC7S+KDoLW/TqLjhYC+HZMg0=",
          "requires": {
            "depd": "1.1.2",
            "inherits": "2.0.3",
            "setprototypeof": "1.1.0",
            "statuses": "1.5.0"
          }
        }
      }
    },
    "retry-as-promised": {
      "version": "2.3.2",
      "resolved": "http://192.168.10.14:4873/retry-as-promised/-/retry-as-promised-2.3.2.tgz",
      "integrity": "sha1-zZdO5P2bX+A8vzGHHuSCIcB3N7c=",
      "requires": {
        "bluebird": "3.5.3",
        "debug": "2.6.9"
      },
      "dependencies": {
        "debug": {
          "version": "2.6.9",
          "resolved": "http://192.168.10.14:4873/debug/-/debug-2.6.9.tgz",
          "integrity": "sha1-XRKFFd8TT/Mn6QpMk/Tgd6U2NB8=",
          "requires": {
            "ms": "2.0.0"
          }
        }
      }
    },
    "safe-buffer": {
      "version": "5.1.2",
      "resolved": "http://192.168.10.14:4873/safe-buffer/-/safe-buffer-5.1.2.tgz",
      "integrity": "sha1-mR7GnSluAxN0fVm9/St0XDX4go0="
    },
    "safer-buffer": {
      "version": "2.1.2",
      "resolved": "http://192.168.10.14:4873/safer-buffer/-/safer-buffer-2.1.2.tgz",
      "integrity": "sha1-RPoWGwGHuVSd2Eu5GAL5vYOFzWo="
    },
    "semver": {
      "version": "5.6.0",
      "resolved": "http://192.168.10.14:4873/semver/-/semver-5.6.0.tgz",
      "integrity": "sha1-fnQlb7qknHWqfHogXMInmcrIAAQ="
    },
    "seq-queue": {
      "version": "0.0.5",
      "resolved": "http://192.168.10.14:4873/seq-queue/-/seq-queue-0.0.5.tgz",
      "integrity": "sha1-1WgS4cAXpuTnw+Ojeh2m143TyT4="
    },
    "sequelize": {
      "version": "4.41.2",
      "resolved": "http://192.168.10.14:4873/sequelize/-/sequelize-4.41.2.tgz",
      "integrity": "sha1-u5ujDXLp7riDyYYc0OLKxnIBCIM=",
      "requires": {
        "bluebird": "3.5.3",
        "cls-bluebird": "2.1.0",
        "debug": "3.1.0",
        "depd": "1.1.2",
        "dottie": "2.0.1",
        "generic-pool": "3.4.2",
        "inflection": "1.12.0",
        "lodash": "4.17.11",
        "moment": "2.22.2",
        "moment-timezone": "0.5.23",
        "retry-as-promised": "2.3.2",
        "semver": "5.6.0",
        "terraformer-wkt-parser": "1.2.0",
        "toposort-class": "1.0.1",
        "uuid": "3.3.2",
        "validator": "10.9.0",
        "wkx": "0.4.5"
      }
    },
    "setprototypeof": {
      "version": "1.1.0",
      "resolved": "http://192.168.10.14:4873/setprototypeof/-/setprototypeof-1.1.0.tgz",
      "integrity": "sha1-0L2FU2iHtv58DYGMuWLZ2RxU5lY="
    },
    "shimmer": {
      "version": "1.2.0",
      "resolved": "http://192.168.10.14:4873/shimmer/-/shimmer-1.2.0.tgz",
      "integrity": "sha1-+Wb3VVeJdj502IQRk2haXnhzZmU="
    },
    "sqlstring": {
      "version": "2.3.1",
      "resolved": "http://192.168.10.14:4873/sqlstring/-/sqlstring-2.3.1.tgz",
      "integrity": "sha1-R1OT/56RR5rqYtyvDKPRSYOn+0A="
    },
    "sshpk": {
      "version": "1.15.2",
      "resolved": "http://192.168.10.14:4873/sshpk/-/sshpk-1.15.2.tgz",
      "integrity": "sha1-yUbWvZsaOdDoY1dj9SQtbtbctik=",
      "requires": {
        "asn1": "0.2.4",
        "assert-plus": "1.0.0",
        "bcrypt-pbkdf": "1.0.2",
        "dashdash": "1.14.1",
        "ecc-jsbn": "0.1.2",
        "getpass": "0.1.7",
        "jsbn": "0.1.1",
        "safer-buffer": "2.1.2",
        "tweetnacl": "0.14.5"
      }
    },
    "statuses": {
      "version": "1.5.0",
      "resolved": "http://192.168.10.14:4873/statuses/-/statuses-1.5.0.tgz",
      "integrity": "sha1-Fhx9rBd2Wf2YEfQ3cfqZOBR4Yow="
    },
    "streaming-json-stringify": {
      "version": "3.1.0",
      "resolved": "http://192.168.10.14:4873/streaming-json-stringify/-/streaming-json-stringify-3.1.0.tgz",
      "integrity": "sha1-gCAEN6mTzDnE/gAmO3s7kDrIevU=",
      "requires": {
        "json-stringify-safe": "5.0.1",
        "readable-stream": "2.3.6"
      }
    },
    "string_decoder": {
      "version": "1.1.1",
      "resolved": "http://192.168.10.14:4873/string_decoder/-/string_decoder-1.1.1.tgz",
      "integrity": "sha1-nPFhG6YmhdcDCunkujQUnDrwP8g=",
      "requires": {
        "safe-buffer": "5.1.2"
      }
    },
    "terraformer": {
      "version": "1.0.9",
      "resolved": "http://192.168.10.14:4873/terraformer/-/terraformer-1.0.9.tgz",
      "integrity": "sha1-d4Uf70pJyQs0XcU88mgJ/fKdzaY=",
      "requires": {
        "@types/geojson": "1.0.6"
      }
    },
    "terraformer-wkt-parser": {
      "version": "1.2.0",
      "resolved": "http://192.168.10.14:4873/terraformer-wkt-parser/-/terraformer-wkt-parser-1.2.0.tgz",
      "integrity": "sha1-ydasPf8l9MC9NE6WH0JpSWGDTDQ=",
      "requires": {
        "@types/geojson": "1.0.6",
        "terraformer": "1.0.9"
      }
    },
    "thenify": {
      "version": "3.3.0",
      "resolved": "http://192.168.10.14:4873/thenify/-/thenify-3.3.0.tgz",
      "integrity": "sha1-5p44obq+lpsBCCB5eLn2K4hgSDk=",
      "requires": {
        "any-promise": "1.3.0"
      }
    },
    "thenify-all": {
      "version": "1.6.0",
      "resolved": "http://192.168.10.14:4873/thenify-all/-/thenify-all-1.6.0.tgz",
      "integrity": "sha1-GhkY1ALY/D+Y+/I02wvMjMEOlyY=",
      "requires": {
        "thenify": "3.3.0"
      }
    },
    "toidentifier": {
      "version": "1.0.0",
      "resolved": "http://192.168.10.14:4873/toidentifier/-/toidentifier-1.0.0.tgz",
      "integrity": "sha1-fhvjRw8ed5SLxD2Uo8j013UrpVM="
    },
    "toposort-class": {
      "version": "1.0.1",
      "resolved": "http://192.168.10.14:4873/toposort-class/-/toposort-class-1.0.1.tgz",
      "integrity": "sha1-f/0feMi+KMO6Rc1OGj9e4ZO9mYg="
    },
    "tough-cookie": {
      "version": "2.4.3",
      "resolved": "http://192.168.10.14:4873/tough-cookie/-/tough-cookie-2.4.3.tgz",
      "integrity": "sha1-U/Nto/R3g7CSWvoG/587FlKA94E=",
      "requires": {
        "psl": "1.1.29",
        "punycode": "1.4.1"
      },
      "dependencies": {
        "punycode": {
          "version": "1.4.1",
          "resolved": "http://192.168.10.14:4873/punycode/-/punycode-1.4.1.tgz",
          "integrity": "sha1-wNWmOycYgArY4esPpSachN1BhF4="
        }
      }
    },
    "tslib": {
      "version": "1.9.3",
      "resolved": "http://192.168.10.14:4873/tslib/-/tslib-1.9.3.tgz",
      "integrity": "sha1-1+TdeSRdhUKMTX5IIqeZF5VMooY=",
      "dev": true
    },
    "tunnel-agent": {
      "version": "0.6.0",
      "resolved": "http://192.168.10.14:4873/tunnel-agent/-/tunnel-agent-0.6.0.tgz",
      "integrity": "sha1-J6XeoGs2sEoKmWZ3SykIaPD8QP0=",
      "requires": {
        "safe-buffer": "5.1.2"
      }
    },
    "tweetnacl": {
      "version": "0.14.5",
      "resolved": "http://192.168.10.14:4873/tweetnacl/-/tweetnacl-0.14.5.tgz",
      "integrity": "sha1-WuaBd/GS1EViadEIr6k/+HQ/T2Q="
    },
    "type-is": {
      "version": "1.6.16",
      "resolved": "http://192.168.10.14:4873/type-is/-/type-is-1.6.16.tgz",
      "integrity": "sha1-+JzjQVQcZysl7nrjxz3uOyvlAZQ=",
      "requires": {
        "media-typer": "0.3.0",
        "mime-types": "2.1.21"
      }
    },
    "typescript": {
      "version": "3.1.6",
      "resolved": "http://192.168.10.14:4873/typescript/-/typescript-3.1.6.tgz",
      "integrity": "sha1-tlQ6g8/Iwr77P0yPumiW9bDJvmg="
    },
    "unpipe": {
      "version": "1.0.0",
      "resolved": "http://192.168.10.14:4873/unpipe/-/unpipe-1.0.0.tgz",
      "integrity": "sha1-sr9O6FFKrmFltIF4KdIbLvSZBOw="
    },
    "uri-js": {
      "version": "4.2.2",
      "resolved": "http://192.168.10.14:4873/uri-js/-/uri-js-4.2.2.tgz",
      "integrity": "sha1-lMVA4f93KVbiKZUHwBCupsiDjrA=",
      "requires": {
        "punycode": "2.1.1"
      }
    },
    "urijs": {
      "version": "1.19.1",
      "resolved": "http://192.168.10.14:4873/urijs/-/urijs-1.19.1.tgz",
      "integrity": "sha1-Ww/1MMDL3oOG9jQiNbpcpumV0lo="
    },
    "util-deprecate": {
      "version": "1.0.2",
      "resolved": "http://192.168.10.14:4873/util-deprecate/-/util-deprecate-1.0.2.tgz",
      "integrity": "sha1-RQ1Nyfpw3nMnYvvS1KKJgUGaDM8="
    },
    "uuid": {
      "version": "3.3.2",
      "resolved": "http://192.168.10.14:4873/uuid/-/uuid-3.3.2.tgz",
      "integrity": "sha1-G0r0lV6zB3xQHCOHL8ZROBFYcTE="
    },
    "validator": {
      "version": "10.9.0",
      "resolved": "http://192.168.10.14:4873/validator/-/validator-10.9.0.tgz",
      "integrity": "sha1-0QwRZztQYft8z0wRFEEkEbK6wqg="
    },
    "vary": {
      "version": "1.1.2",
      "resolved": "http://192.168.10.14:4873/vary/-/vary-1.1.2.tgz",
      "integrity": "sha1-IpnwLG3tMNSllhsLn3RSShj2NPw="
    },
    "verror": {
      "version": "1.10.0",
      "resolved": "http://192.168.10.14:4873/verror/-/verror-1.10.0.tgz",
      "integrity": "sha1-OhBcoXBTr1XW4nDB+CiGguGNpAA=",
      "requires": {
        "assert-plus": "1.0.0",
        "core-util-is": "1.0.2",
        "extsprintf": "1.3.0"
      }
    },
    "wkx": {
      "version": "0.4.5",
      "resolved": "http://192.168.10.14:4873/wkx/-/wkx-0.4.5.tgz",
      "integrity": "sha1-qF4VpuadG/rsLzxSO+PfpAq4YdA=",
      "requires": {
        "@types/node": "10.12.6"
      }
    },
    "xss": {
      "version": "1.0.3",
      "resolved": "http://192.168.10.14:4873/xss/-/xss-1.0.3.tgz",
      "integrity": "sha1-0EvSVY/WwpxGETgk1eiyqRAFTiM=",
      "requires": {
        "commander": "2.19.0",
        "cssfilter": "0.0.10"
      }
    },
    "yallist": {
      "version": "2.1.2",
      "resolved": "http://192.168.10.14:4873/yallist/-/yallist-2.1.2.tgz",
      "integrity": "sha1-HBH5IY8HYImkfdUS+TxmmaaoHVI="
    },
    "ylru": {
      "version": "1.2.1",
      "resolved": "http://192.168.10.14:4873/ylru/-/ylru-1.2.1.tgz",
      "integrity": "sha1-9Xa2M0FUeYnB3nuiiHYJI7J/6E8="
    }
  }
}
